// !$*UTF8*$!
{
	archiveVersion = 1;
	classes = {
	};
	objectVersion = 56;
	objects = {

/* Begin PBXBuildFile section */
		93B9E9412BB947BD00995438 /* WQU_CapstoneApp.swift in Sources */ = {isa = PBXBuildFile; fileRef = 93B9E9402BB947BD00995438 /* WQU_CapstoneApp.swift */; };
		93B9E9432BB947BD00995438 /* ContentView.swift in Sources */ = {isa = PBXBuildFile; fileRef = 93B9E9422BB947BD00995438 /* ContentView.swift */; };
		93B9E9452BB947BD00995438 /* Item.swift in Sources */ = {isa = PBXBuildFile; fileRef = 93B9E9442BB947BD00995438 /* Item.swift */; };
		93B9E9472BB947C100995438 /* Assets.xcassets in Resources */ = {isa = PBXBuildFile; fileRef = 93B9E9462BB947C100995438 /* Assets.xcassets */; };
		93B9E94A2BB947C100995438 /* Preview Assets.xcassets in Resources */ = {isa = PBXBuildFile; fileRef = 93B9E9492BB947C100995438 /* Preview Assets.xcassets */; };
		93B9E9552BB947C200995438 /* WQU_CapstoneTests.swift in Sources */ = {isa = PBXBuildFile; fileRef = 93B9E9542BB947C200995438 /* WQU_CapstoneTests.swift */; };
		93B9E95F2BB947C200995438 /* WQU_CapstoneUITests.swift in Sources */ = {isa = PBXBuildFile; fileRef = 93B9E95E2BB947C200995438 /* WQU_CapstoneUITests.swift */; };
		93B9E9612BB947C200995438 /* WQU_CapstoneUITestsLaunchTests.swift in Sources */ = {isa = PBXBuildFile; fileRef = 93B9E9602BB947C200995438 /* WQU_CapstoneUITestsLaunchTests.swift */; };
/* End PBXBuildFile section */

/* Begin PBXContainerItemProxy section */
		93B9E9512BB947C200995438 /* PBXContainerItemProxy */ = {
			isa = PBXContainerItemProxy;
			containerPortal = 93B9E9352BB947BD00995438 /* Project object */;
			proxyType = 1;
			remoteGlobalIDString = 93B9E93C2BB947BD00995438;
			remoteInfo = WQU_Capstone;
		};
		93B9E95B2BB947C200995438 /* PBXContainerItemProxy */ = {
			isa = PBXContainerItemProxy;
			containerPortal = 93B9E9352BB947BD00995438 /* Project object */;
			proxyType = 1;
			remoteGlobalIDString = 93B9E93C2BB947BD00995438;
			remoteInfo = WQU_Capstone;
		};
/* End PBXContainerItemProxy section */

/* Begin PBXFileReference section */
		93B9E93D2BB947BD00995438 /* WQU_Capstone.app */ = {isa = PBXFileReference; explicitFileType = wrapper.application; includeInIndex = 0; path = WQU_Capstone.app; sourceTree = BUILT_PRODUCTS_DIR; };
		93B9E9402BB947BD00995438 /* WQU_CapstoneApp.swift */ = {isa = PBXFileReference; lastKnownFileType = sourcecode.swift; path = WQU_CapstoneApp.swift; sourceTree = "<group>"; };
		93B9E9422BB947BD00995438 /* ContentView.swift */ = {isa = PBXFileReference; lastKnownFileType = sourcecode.swift; path = ContentView.swift; sourceTree = "<group>"; };
		93B9E9442BB947BD00995438 /* Item.swift */ = {isa = PBXFileReference; lastKnownFileType = sourcecode.swift; path = Item.swift; sourceTree = "<group>"; };
		93B9E9462BB947C100995438 /* Assets.xcassets */ = {isa = PBXFileReference; lastKnownFileType = folder.assetcatalog; path = Assets.xcassets; sourceTree = "<group>"; };
		93B9E9492BB947C100995438 /* Preview Assets.xcassets */ = {isa = PBXFileReference; lastKnownFileType = folder.assetcatalog; path = "Preview Assets.xcassets"; sourceTree = "<group>"; };
		93B9E94B2BB947C100995438 /* WQU_Capstone.entitlements */ = {isa = PBXFileReference; lastKnownFileType = text.plist.entitlements; path = WQU_Capstone.entitlements; sourceTree = "<group>"; };
		93B9E9502BB947C200995438 /* WQU_CapstoneTests.xctest */ = {isa = PBXFileReference; explicitFileType = wrapper.cfbundle; includeInIndex = 0; path = WQU_CapstoneTests.xctest; sourceTree = BUILT_PRODUCTS_DIR; };
		93B9E9542BB947C200995438 /* WQU_CapstoneTests.swift */ = {isa = PBXFileReference; lastKnownFileType = sourcecode.swift; path = WQU_CapstoneTests.swift; sourceTree = "<group>"; };
		93B9E95A2BB947C200995438 /* WQU_CapstoneUITests.xctest */ = {isa = PBXFileReference; explicitFileType = wrapper.cfbundle; includeInIndex = 0; path = WQU_CapstoneUITests.xctest; sourceTree = BUILT_PRODUCTS_DIR; };
		93B9E95E2BB947C200995438 /* WQU_CapstoneUITests.swift */ = {isa = PBXFileReference; lastKnownFileType = sourcecode.swift; path = WQU_CapstoneUITests.swift; sourceTree = "<group>"; };
		93B9E9602BB947C200995438 /* WQU_CapstoneUITestsLaunchTests.swift */ = {isa = PBXFileReference; lastKnownFileType = sourcecode.swift; path = WQU_CapstoneUITestsLaunchTests.swift; sourceTree = "<group>"; };
/* End PBXFileReference section */

/* Begin PBXFrameworksBuildPhase section */
		93B9E93A2BB947BD00995438 /* Frameworks */ = {
			isa = PBXFrameworksBuildPhase;
			buildActionMask = 2147483647;
			files = (
			);
			runOnlyForDeploymentPostprocessing = 0;
		};
		93B9E94D2BB947C200995438 /* Frameworks */ = {
			isa = PBXFrameworksBuildPhase;
			buildActionMask = 2147483647;
			files = (
			);
			runOnlyForDeploymentPostprocessing = 0;
		};
		93B9E9572BB947C200995438 /* Frameworks */ = {
			isa = PBXFrameworksBuildPhase;
			buildActionMask = 2147483647;
			files = (
			);
			runOnlyForDeploymentPostprocessing = 0;
		};
/* End PBXFrameworksBuildPhase section */

/* Begin PBXGroup section */
		93B9E9342BB947BD00995438 = {
			isa = PBXGroup;
			children = (
				93B9E93F2BB947BD00995438 /* WQU_Capstone */,
				93B9E9532BB947C200995438 /* WQU_CapstoneTests */,
				93B9E95D2BB947C200995438 /* WQU_CapstoneUITests */,
				93B9E93E2BB947BD00995438 /* Products */,
			);
			sourceTree = "<group>";
		};
		93B9E93E2BB947BD00995438 /* Products */ = {
			isa = PBXGroup;
			children = (
				93B9E93D2BB947BD00995438 /* WQU_Capstone.app */,
				93B9E9502BB947C200995438 /* WQU_CapstoneTests.xctest */,
				93B9E95A2BB947C200995438 /* WQU_CapstoneUITests.xctest */,
			);
			name = Products;
			sourceTree = "<group>";
		};
		93B9E93F2BB947BD00995438 /* WQU_Capstone */ = {
			isa = PBXGroup;
			children = (
				93B9E9402BB947BD00995438 /* WQU_CapstoneApp.swift */,
				93B9E9422BB947BD00995438 /* ContentView.swift */,
				93B9E9442BB947BD00995438 /* Item.swift */,
				93B9E9462BB947C100995438 /* Assets.xcassets */,
				93B9E94B2BB947C100995438 /* WQU_Capstone.entitlements */,
				93B9E9482BB947C100995438 /* Preview Content */,
			);
			path = WQU_Capstone;
			sourceTree = "<group>";
		};
		93B9E9482BB947C100995438 /* Preview Content */ = {
			isa = PBXGroup;
			children = (
				93B9E9492BB947C100995438 /* Preview Assets.xcassets */,
			);
			path = "Preview Content";
			sourceTree = "<group>";
		};
		93B9E9532BB947C200995438 /* WQU_CapstoneTests */ = {
			isa = PBXGroup;
			children = (
				93B9E9542BB947C200995438 /* WQU_CapstoneTests.swift */,
			);
			path = WQU_CapstoneTests;
			sourceTree = "<group>";
		};
		93B9E95D2BB947C200995438 /* WQU_CapstoneUITests */ = {
			isa = PBXGroup;
			children = (
				93B9E95E2BB947C200995438 /* WQU_CapstoneUITests.swift */,
				93B9E9602BB947C200995438 /* WQU_CapstoneUITestsLaunchTests.swift */,
			);
			path = WQU_CapstoneUITests;
			sourceTree = "<group>";
		};
/* End PBXGroup section */

/* Begin PBXNativeTarget section */
		93B9E93C2BB947BD00995438 /* WQU_Capstone */ = {
			isa = PBXNativeTarget;
			buildConfigurationList = 93B9E9642BB947C200995438 /* Build configuration list for PBXNativeTarget "WQU_Capstone" */;
			buildPhases = (
				93B9E9392BB947BD00995438 /* Sources */,
				93B9E93A2BB947BD00995438 /* Frameworks */,
				93B9E93B2BB947BD00995438 /* Resources */,
			);
			buildRules = (
			);
			dependencies = (
			);
			name = WQU_Capstone;
			productName = WQU_Capstone;
			productReference = 93B9E93D2BB947BD00995438 /* WQU_Capstone.app */;
			productType = "com.apple.product-type.application";
		};
		93B9E94F2BB947C200995438 /* WQU_CapstoneTests */ = {
			isa = PBXNativeTarget;
			buildConfigurationList = 93B9E9672BB947C200995438 /* Build configuration list for PBXNativeTarget "WQU_CapstoneTests" */;
			buildPhases = (
				93B9E94C2BB947C200995438 /* Sources */,
				93B9E94D2BB947C200995438 /* Frameworks */,
				93B9E94E2BB947C200995438 /* Resources */,
			);
			buildRules = (
			);
			dependencies = (
				93B9E9522BB947C200995438 /* PBXTargetDependency */,
			);
			name = WQU_CapstoneTests;
			productName = WQU_CapstoneTests;
			productReference = 93B9E9502BB947C200995438 /* WQU_CapstoneTests.xctest */;
			productType = "com.apple.product-type.bundle.unit-test";
		};
		93B9E9592BB947C200995438 /* WQU_CapstoneUITests */ = {
			isa = PBXNativeTarget;
			buildConfigurationList = 93B9E96A2BB947C200995438 /* Build configuration list for PBXNativeTarget "WQU_CapstoneUITests" */;
			buildPhases = (
				93B9E9562BB947C200995438 /* Sources */,
				93B9E9572BB947C200995438 /* Frameworks */,
				93B9E9582BB947C200995438 /* Resources */,
			);
			buildRules = (
			);
			dependencies = (
				93B9E95C2BB947C200995438 /* PBXTargetDependency */,
			);
			name = WQU_CapstoneUITests;
			productName = WQU_CapstoneUITests;
			productReference = 93B9E95A2BB947C200995438 /* WQU_CapstoneUITests.xctest */;
			productType = "com.apple.product-type.bundle.ui-testing";
		};
/* End PBXNativeTarget section */

/* Begin PBXProject section */
		93B9E9352BB947BD00995438 /* Project object */ = {
			isa = PBXProject;
			attributes = {
				BuildIndependentTargetsInParallel = 1;
				LastSwiftUpdateCheck = 1530;
				LastUpgradeCheck = 1530;
				TargetAttributes = {
					93B9E93C2BB947BD00995438 = {
						CreatedOnToolsVersion = 15.3;
					};
					93B9E94F2BB947C200995438 = {
						CreatedOnToolsVersion = 15.3;
						TestTargetID = 93B9E93C2BB947BD00995438;
					};
					93B9E9592BB947C200995438 = {
						CreatedOnToolsVersion = 15.3;
						TestTargetID = 93B9E93C2BB947BD00995438;
					};
				};
			};
			buildConfigurationList = 93B9E9382BB947BD00995438 /* Build configuration list for PBXProject "WQU_Capstone" */;
			compatibilityVersion = "Xcode 14.0";
			developmentRegion = en;
			hasScannedForEncodings = 0;
			knownRegions = (
				en,
				Base,
			);
			mainGroup = 93B9E9342BB947BD00995438;
			productRefGroup = 93B9E93E2BB947BD00995438 /* Products */;
			projectDirPath = "";
			projectRoot = "";
			targets = (
				93B9E93C2BB947BD00995438 /* WQU_Capstone */,
				93B9E94F2BB947C200995438 /* WQU_CapstoneTests */,
				93B9E9592BB947C200995438 /* WQU_CapstoneUITests */,
			);
		};
/* End PBXProject section */

/* Begin PBXResourcesBuildPhase section */
		93B9E93B2BB947BD00995438 /* Resources */ = {
			isa = PBXResourcesBuildPhase;
			buildActionMask = 2147483647;
			files = (
				93B9E94A2BB947C100995438 /* Preview Assets.xcassets in Resources */,
				93B9E9472BB947C100995438 /* Assets.xcassets in Resources */,
			);
			runOnlyForDeploymentPostprocessing = 0;
		};
		93B9E94E2BB947C200995438 /* Resources */ = {
			isa = PBXResourcesBuildPhase;
			buildActionMask = 2147483647;
			files = (
			);
			runOnlyForDeploymentPostprocessing = 0;
		};
		93B9E9582BB947C200995438 /* Resources */ = {
			isa = PBXResourcesBuildPhase;
			buildActionMask = 2147483647;
			files = (
			);
			runOnlyForDeploymentPostprocessing = 0;
		};
/* End PBXResourcesBuildPhase section */

/* Begin PBXSourcesBuildPhase section */
		93B9E9392BB947BD00995438 /* Sources */ = {
			isa = PBXSourcesBuildPhase;
			buildActionMask = 2147483647;
			files = (
				93B9E9432BB947BD00995438 /* ContentView.swift in Sources */,
				93B9E9452BB947BD00995438 /* Item.swift in Sources */,
				93B9E9412BB947BD00995438 /* WQU_CapstoneApp.swift in Sources */,
			);
			runOnlyForDeploymentPostprocessing = 0;
		};
		93B9E94C2BB947C200995438 /* Sources */ = {
			isa = PBXSourcesBuildPhase;
			buildActionMask = 2147483647;
			files = (
				93B9E9552BB947C200995438 /* WQU_CapstoneTests.swift in Sources */,
			);
			runOnlyForDeploymentPostprocessing = 0;
		};
		93B9E9562BB947C200995438 /* Sources */ = {
			isa = PBXSourcesBuildPhase;
			buildActionMask = 2147483647;
			files = (
				93B9E95F2BB947C200995438 /* WQU_CapstoneUITests.swift in Sources */,
				93B9E9612BB947C200995438 /* WQU_CapstoneUITestsLaunchTests.swift in Sources */,
			);
			runOnlyForDeploymentPostprocessing = 0;
		};
/* End PBXSourcesBuildPhase section */

/* Begin PBXTargetDependency section */
		93B9E9522BB947C200995438 /* PBXTargetDependency */ = {
			isa = PBXTargetDependency;
			target = 93B9E93C2BB947BD00995438 /* WQU_Capstone */;
			targetProxy = 93B9E9512BB947C200995438 /* PBXContainerItemProxy */;
		};
		93B9E95C2BB947C200995438 /* PBXTargetDependency */ = {
			isa = PBXTargetDependency;
			target = 93B9E93C2BB947BD00995438 /* WQU_Capstone */;
			targetProxy = 93B9E95B2BB947C200995438 /* PBXContainerItemProxy */;
		};
/* End PBXTargetDependency section */

/* Begin XCBuildConfiguration section */
		93B9E9622BB947C200995438 /* Debug */ = {
			isa = XCBuildConfiguration;
			buildSettings = {
				ALWAYS_SEARCH_USER_PATHS = NO;
				ASSETCATALOG_COMPILER_GENERATE_SWIFT_ASSET_SYMBOL_EXTENSIONS = YES;
				CLANG_ANALYZER_NONNULL = YES;
				CLANG_ANALYZER_NUMBER_OBJECT_CONVERSION = YES_AGGRESSIVE;
				CLANG_CXX_LANGUAGE_STANDARD = "gnu++20";
				CLANG_ENABLE_MODULES = YES;
				CLANG_ENABLE_OBJC_ARC = YES;
				CLANG_ENABLE_OBJC_WEAK = YES;
				CLANG_WARN_BLOCK_CAPTURE_AUTORELEASING = YES;
				CLANG_WARN_BOOL_CONVERSION = YES;
				CLANG_WARN_COMMA = YES;
				CLANG_WARN_CONSTANT_CONVERSION = YES;
				CLANG_WARN_DEPRECATED_OBJC_IMPLEMENTATIONS = YES;
				CLANG_WARN_DIRECT_OBJC_ISA_USAGE = YES_ERROR;
				CLANG_WARN_DOCUMENTATION_COMMENTS = YES;
				CLANG_WARN_EMPTY_BODY = YES;
				CLANG_WARN_ENUM_CONVERSION = YES;
				CLANG_WARN_INFINITE_RECURSION = YES;
				CLANG_WARN_INT_CONVERSION = YES;
				CLANG_WARN_NON_LITERAL_NULL_CONVERSION = YES;
				CLANG_WARN_OBJC_IMPLICIT_RETAIN_SELF = YES;
				CLANG_WARN_OBJC_LITERAL_CONVERSION = YES;
				CLANG_WARN_OBJC_ROOT_CLASS = YES_ERROR;
				CLANG_WARN_QUOTED_INCLUDE_IN_FRAMEWORK_HEADER = YES;
				CLANG_WARN_RANGE_LOOP_ANALYSIS = YES;
				CLANG_WARN_STRICT_PROTOTYPES = YES;
				CLANG_WARN_SUSPICIOUS_MOVE = YES;
				CLANG_WARN_UNGUARDED_AVAILABILITY = YES_AGGRESSIVE;
				CLANG_WARN_UNREACHABLE_CODE = YES;
				CLANG_WARN__DUPLICATE_METHOD_MATCH = YES;
				COPY_PHASE_STRIP = NO;
				DEBUG_INFORMATION_FORMAT = dwarf;
				ENABLE_STRICT_OBJC_MSGSEND = YES;
				ENABLE_TESTABILITY = YES;
				ENABLE_USER_SCRIPT_SANDBOXING = YES;
				GCC_C_LANGUAGE_STANDARD = gnu17;
				GCC_DYNAMIC_NO_PIC = NO;
				GCC_NO_COMMON_BLOCKS = YES;
				GCC_OPTIMIZATION_LEVEL = 0;
				GCC_PREPROCESSOR_DEFINITIONS = (
					"DEBUG=1",
					"$(inherited)",
				);
				GCC_WARN_64_TO_32_BIT_CONVERSION = YES;
				GCC_WARN_ABOUT_RETURN_TYPE = YES_ERROR;
				GCC_WARN_UNDECLARED_SELECTOR = YES;
				GCC_WARN_UNINITIALIZED_AUTOS = YES_AGGRESSIVE;
				GCC_WARN_UNUSED_FUNCTION = YES;
				GCC_WARN_UNUSED_VARIABLE = YES;
				LOCALIZATION_PREFERS_STRING_CATALOGS = YES;
				MACOSX_DEPLOYMENT_TARGET = 14.2;
				MTL_ENABLE_DEBUG_INFO = INCLUDE_SOURCE;
				MTL_FAST_MATH = YES;
				ONLY_ACTIVE_ARCH = YES;
				SDKROOT = macosx;
				SWIFT_ACTIVE_COMPILATION_CONDITIONS = "DEBUG $(inherited)";
				SWIFT_OPTIMIZATION_LEVEL = "-Onone";
			};
			name = Debug;
		};
		93B9E9632BB947C200995438 /* Release */ = {
			isa = XCBuildConfiguration;
			buildSettings = {
				ALWAYS_SEARCH_USER_PATHS = NO;
				ASSETCATALOG_COMPILER_GENERATE_SWIFT_ASSET_SYMBOL_EXTENSIONS = YES;
				CLANG_ANALYZER_NONNULL = YES;
				CLANG_ANALYZER_NUMBER_OBJECT_CONVERSION = YES_AGGRESSIVE;
				CLANG_CXX_LANGUAGE_STANDARD = "gnu++20";
				CLANG_ENABLE_MODULES = YES;
				CLANG_ENABLE_OBJC_ARC = YES;
				CLANG_ENABLE_OBJC_WEAK = YES;
				CLANG_WARN_BLOCK_CAPTURE_AUTORELEASING = YES;
				CLANG_WARN_BOOL_CONVERSION = YES;
				CLANG_WARN_COMMA = YES;
				CLANG_WARN_CONSTANT_CONVERSION = YES;
				CLANG_WARN_DEPRECATED_OBJC_IMPLEMENTATIONS = YES;
				CLANG_WARN_DIRECT_OBJC_ISA_USAGE = YES_ERROR;
				CLANG_WARN_DOCUMENTATION_COMMENTS = YES;
				CLANG_WARN_EMPTY_BODY = YES;
				CLANG_WARN_ENUM_CONVERSION = YES;
				CLANG_WARN_INFINITE_RECURSION = YES;
				CLANG_WARN_INT_CONVERSION = YES;
				CLANG_WARN_NON_LITERAL_NULL_CONVERSION = YES;
				CLANG_WARN_OBJC_IMPLICIT_RETAIN_SELF = YES;
				CLANG_WARN_OBJC_LITERAL_CONVERSION = YES;
				CLANG_WARN_OBJC_ROOT_CLASS = YES_ERROR;
				CLANG_WARN_QUOTED_INCLUDE_IN_FRAMEWORK_HEADER = YES;
				CLANG_WARN_RANGE_LOOP_ANALYSIS = YES;
				CLANG_WARN_STRICT_PROTOTYPES = YES;
				CLANG_WARN_SUSPICIOUS_MOVE = YES;
				CLANG_WARN_UNGUARDED_AVAILABILITY = YES_AGGRESSIVE;
				CLANG_WARN_UNREACHABLE_CODE = YES;
				CLANG_WARN__DUPLICATE_METHOD_MATCH = YES;
				COPY_PHASE_STRIP = NO;
				DEBUG_INFORMATION_FORMAT = "dwarf-with-dsym";
				ENABLE_NS_ASSERTIONS = NO;
				ENABLE_STRICT_OBJC_MSGSEND = YES;
				ENABLE_USER_SCRIPT_SANDBOXING = YES;
				GCC_C_LANGUAGE_STANDARD = gnu17;
				GCC_NO_COMMON_BLOCKS = YES;
				GCC_WARN_64_TO_32_BIT_CONVERSION = YES;
				GCC_WARN_ABOUT_RETURN_TYPE = YES_ERROR;
				GCC_WARN_UNDECLARED_SELECTOR = YES;
				GCC_WARN_UNINITIALIZED_AUTOS = YES_AGGRESSIVE;
				GCC_WARN_UNUSED_FUNCTION = YES;
				GCC_WARN_UNUSED_VARIABLE = YES;
				LOCALIZATION_PREFERS_STRING_CATALOGS = YES;
				MACOSX_DEPLOYMENT_TARGET = 14.2;
				MTL_ENABLE_DEBUG_INFO = NO;
				MTL_FAST_MATH = YES;
				SDKROOT = macosx;
				SWIFT_COMPILATION_MODE = wholemodule;
			};
			name = Release;
		};
		93B9E9652BB947C200995438 /* Debug */ = {
			isa = XCBuildConfiguration;
			buildSettings = {
				ASSETCATALOG_COMPILER_APPICON_NAME = AppIcon;
				ASSETCATALOG_COMPILER_GLOBAL_ACCENT_COLOR_NAME = AccentColor;
				CODE_SIGN_ENTITLEMENTS = WQU_Capstone/WQU_Capstone.entitlements;
				CODE_SIGN_STYLE = Automatic;
				COMBINE_HIDPI_IMAGES = YES;
				CURRENT_PROJECT_VERSION = 1;
				DEVELOPMENT_ASSET_PATHS = "\"WQU_Capstone/Preview Content\"";
				ENABLE_PREVIEWS = YES;
				GENERATE_INFOPLIST_FILE = YES;
				INFOPLIST_KEY_NSHumanReadableCopyright = "";
				LD_RUNPATH_SEARCH_PATHS = (
					"$(inherited)",
					"@executable_path/../Frameworks",
				);
				MACOSX_DEPLOYMENT_TARGET = 14.0;
				MARKETING_VERSION = 1.0;
				PRODUCT_BUNDLE_IDENTIFIER = "WQU.WQU-Capstone";
				PRODUCT_NAME = "$(TARGET_NAME)";
				SWIFT_EMIT_LOC_STRINGS = YES;
				SWIFT_VERSION = 5.0;
			};
			name = Debug;
		};
		93B9E9662BB947C200995438 /* Release */ = {
			isa = XCBuildConfiguration;
			buildSettings = {
				ASSETCATALOG_COMPILER_APPICON_NAME = AppIcon;
				ASSETCATALOG_COMPILER_GLOBAL_ACCENT_COLOR_NAME = AccentColor;
				CODE_SIGN_ENTITLEMENTS = WQU_Capstone/WQU_Capstone.entitlements;
				CODE_SIGN_STYLE = Automatic;
				COMBINE_HIDPI_IMAGES = YES;
				CURRENT_PROJECT_VERSION = 1;
				DEVELOPMENT_ASSET_PATHS = "\"WQU_Capstone/Preview Content\"";
				ENABLE_PREVIEWS = YES;
				GENERATE_INFOPLIST_FILE = YES;
				INFOPLIST_KEY_NSHumanReadableCopyright = "";
				LD_RUNPATH_SEARCH_PATHS = (
					"$(inherited)",
					"@executable_path/../Frameworks",
				);
				MACOSX_DEPLOYMENT_TARGET = 14.0;
				MARKETING_VERSION = 1.0;
				PRODUCT_BUNDLE_IDENTIFIER = "WQU.WQU-Capstone";
				PRODUCT_NAME = "$(TARGET_NAME)";
				SWIFT_EMIT_LOC_STRINGS = YES;
				SWIFT_VERSION = 5.0;
			};
			name = Release;
		};
		93B9E9682BB947C200995438 /* Debug */ = {
			isa = XCBuildConfiguration;
			buildSettings = {
				ALWAYS_EMBED_SWIFT_STANDARD_LIBRARIES = YES;
				BUNDLE_LOADER = "$(TEST_HOST)";
				CODE_SIGN_STYLE = Automatic;
				CURRENT_PROJECT_VERSION = 1;
				GENERATE_INFOPLIST_FILE = YES;
				MACOSX_DEPLOYMENT_TARGET = 14.0;
				MARKETING_VERSION = 1.0;
				PRODUCT_BUNDLE_IDENTIFIER = "WQU.WQU-CapstoneTests";
				PRODUCT_NAME = "$(TARGET_NAME)";
				SWIFT_EMIT_LOC_STRINGS = NO;
				SWIFT_VERSION = 5.0;
				TEST_HOST = "$(BUILT_PRODUCTS_DIR)/WQU_Capstone.app/$(BUNDLE_EXECUTABLE_FOLDER_PATH)/WQU_Capstone";
			};
			name = Debug;
		};
		93B9E9692BB947C200995438 /* Release */ = {
			isa = XCBuildConfiguration;
			buildSettings = {
				ALWAYS_EMBED_SWIFT_STANDARD_LIBRARIES = YES;
				BUNDLE_LOADER = "$(TEST_HOST)";
				CODE_SIGN_STYLE = Automatic;
				CURRENT_PROJECT_VERSION = 1;
				GENERATE_INFOPLIST_FILE = YES;
				MACOSX_DEPLOYMENT_TARGET = 14.0;
				MARKETING_VERSION = 1.0;
				PRODUCT_BUNDLE_IDENTIFIER = "WQU.WQU-CapstoneTests";
				PRODUCT_NAME = "$(TARGET_NAME)";
				SWIFT_EMIT_LOC_STRINGS = NO;
				SWIFT_VERSION = 5.0;
				TEST_HOST = "$(BUILT_PRODUCTS_DIR)/WQU_Capstone.app/$(BUNDLE_EXECUTABLE_FOLDER_PATH)/WQU_Capstone";
			};
			name = Release;
		};
		93B9E96B2BB947C200995438 /* Debug */ = {
			isa = XCBuildConfiguration;
			buildSettings = {
				ALWAYS_EMBED_SWIFT_STANDARD_LIBRARIES = YES;
				CODE_SIGN_STYLE = Automatic;
				CURRENT_PROJECT_VERSION = 1;
				GENERATE_INFOPLIST_FILE = YES;
				MARKETING_VERSION = 1.0;
				PRODUCT_BUNDLE_IDENTIFIER = "WQU.WQU-CapstoneUITests";
				PRODUCT_NAME = "$(TARGET_NAME)";
				SWIFT_EMIT_LOC_STRINGS = NO;
				SWIFT_VERSION = 5.0;
				TEST_TARGET_NAME = WQU_Capstone;
			};
			name = Debug;
		};
		93B9E96C2BB947C200995438 /* Release */ = {
			isa = XCBuildConfiguration;
			buildSettings = {
				ALWAYS_EMBED_SWIFT_STANDARD_LIBRARIES = YES;
				CODE_SIGN_STYLE = Automatic;
				CURRENT_PROJECT_VERSION = 1;
				GENERATE_INFOPLIST_FILE = YES;
				MARKETING_VERSION = 1.0;
				PRODUCT_BUNDLE_IDENTIFIER = "WQU.WQU-CapstoneUITests";
				PRODUCT_NAME = "$(TARGET_NAME)";
				SWIFT_EMIT_LOC_STRINGS = NO;
				SWIFT_VERSION = 5.0;
				TEST_TARGET_NAME = WQU_Capstone;
			};
			name = Release;
		};
/* End XCBuildConfiguration section */

/* Begin XCConfigurationList section */
		93B9E9382BB947BD00995438 /* Build configuration list for PBXProject "WQU_Capstone" */ = {
			isa = XCConfigurationList;
			buildConfigurations = (
				93B9E9622BB947C200995438 /* Debug */,
				93B9E9632BB947C200995438 /* Release */,
			);
			defaultConfigurationIsVisible = 0;
			defaultConfigurationName = Release;
		};
		93B9E9642BB947C200995438 /* Build configuration list for PBXNativeTarget "WQU_Capstone" */ = {
			isa = XCConfigurationList;
			buildConfigurations = (
				93B9E9652BB947C200995438 /* Debug */,
				93B9E9662BB947C200995438 /* Release */,
			);
			defaultConfigurationIsVisible = 0;
			defaultConfigurationName = Release;
		};
		93B9E9672BB947C200995438 /* Build configuration list for PBXNativeTarget "WQU_CapstoneTests" */ = {
			isa = XCConfigurationList;
			buildConfigurations = (
				93B9E9682BB947C200995438 /* Debug */,
				93B9E9692BB947C200995438 /* Release */,
			);
			defaultConfigurationIsVisible = 0;
			defaultConfigurationName = Release;
		};
		93B9E96A2BB947C200995438 /* Build configuration list for PBXNativeTarget "WQU_CapstoneUITests" */ = {
			isa = XCConfigurationList;
			buildConfigurations = (
				93B9E96B2BB947C200995438 /* Debug */,
				93B9E96C2BB947C200995438 /* Release */,
			);
			defaultConfigurationIsVisible = 0;
			defaultConfigurationName = Release;
		};
/* End XCConfigurationList section */
	};
	rootObject = 93B9E9352BB947BD00995438 /* Project object */;
}
